PODS:
  - Alamofire (5.0.0-rc.3)
  - AlamofireImage (4.0.0-beta.6):
    - Alamofire (~> 5.0.0-rc.3)
  - AutoInsetter (1.8.0)
  - Boomerang/Core (6.0)
  - Boomerang/RxSwift (6.0):
    - Boomerang/UIKit
    - RxCocoa
    - RxDataSources
    - RxSwift
  - Boomerang/UIKit (6.0):
    - Boomerang/Core
  - Differentiator (4.0.1)
  - Gloss (3.1.0)
  - Hero (1.5.0)
  - KeychainAccess (4.1.0)
  - Moya/Core (14.0.0-beta.5):
    - Alamofire (= 5.0.0-rc.3)
  - Moya/RxSwift (14.0.0-beta.5):
    - Moya/Core
    - RxSwift (~> 5.0)
  - Nimble (8.0.4)
  - Pageboy (3.5.0)
  - PluginLayout (0.0.1)
  - pop (1.0.12)
  - Quick (2.2.0)
  - RxBlocking (5.0.1):
    - RxSwift (~> 5)
  - RxCocoa (5.0.1):
    - RxRelay (~> 5)
    - RxSwift (~> 5)
  - RxDataSources (4.0.1):
    - Differentiator (~> 4.0)
    - RxCocoa (~> 5.0)
    - RxSwift (~> 5.0)
  - RxGesture (3.0.1):
    - RxCocoa (~> 5.0)
    - RxSwift (~> 5.0)
  - RxRelay (5.0.1):
    - RxSwift (~> 5)
  - RxSwift (5.0.1)
  - SkeletonView (1.8.2)
  - SnapKit (5.0.1)
  - SwiftLint (0.37.0)
  - SwiftRichString (3.0.3)
  - Tabman (2.6.3):
    - AutoInsetter (~> 1.8.0)
    - Pageboy (~> 3.5.0)

DEPENDENCIES:
  - Alamofire
  - AlamofireImage (from `https://github.com/Alamofire/AlamofireImage`, branch `master`)
  - Boomerang/RxSwift (from `https://github.com/stefanomondino/newark`, branch `master`)
  - Boomerang/UIKit (from `https://github.com/stefanomondino/newark`, branch `master`)
  - Gloss
  - Hero
  - KeychainAccess
  - Moya/RxSwift (from `https://github.com/Moya/Moya`, branch `14.0.0-beta.5`)
  - Nimble
  - PluginLayout (from `https://github.com/stefanomondino/PluginLayout`, branch `master`)
  - pop
  - Quick
  - RxBlocking
  - RxGesture
  - SkeletonView
  - SnapKit
  - SwiftLint
  - SwiftRichString
  - Tabman

SPEC REPOS:
  https://github.com/cocoapods/specs.git:
    - Alamofire
    - AutoInsetter
    - Differentiator
    - Gloss
    - Hero
    - KeychainAccess
    - Nimble
    - Pageboy
    - pop
    - Quick
    - RxBlocking
    - RxCocoa
    - RxDataSources
    - RxGesture
    - RxRelay
    - RxSwift
    - SkeletonView
    - SnapKit
    - SwiftLint
    - SwiftRichString
    - Tabman

EXTERNAL SOURCES:
  AlamofireImage:
    :branch: master
    :git: https://github.com/Alamofire/AlamofireImage
  Boomerang:
    :branch: master
    :git: https://github.com/stefanomondino/newark
  Moya:
    :branch: 14.0.0-beta.5
    :git: https://github.com/Moya/Moya
  PluginLayout:
    :branch: master
    :git: https://github.com/stefanomondino/PluginLayout

CHECKOUT OPTIONS:
  AlamofireImage:
    :commit: 249c411e512e3017b6b426d099db448289db7eb3
    :git: https://github.com/Alamofire/AlamofireImage
  Boomerang:
    :commit: 44ca2a3e2e1de1682c7c4e1098e894134f86d85a
    :git: https://github.com/stefanomondino/newark
  Moya:
    :commit: c3804a0100f444163e9048149710bd4d4fd56274
    :git: https://github.com/Moya/Moya
  PluginLayout:
    :commit: 032251ef0d3d12cc66f459a5c4cfa1e5eeb5e77f
    :git: https://github.com/stefanomondino/PluginLayout

SPEC CHECKSUMS:
  Alamofire: ca8c0de6906873be89d6deec5c8de279e00bf872
  AlamofireImage: edf3216fd178a89d63e681e609909d7ac98fa3c6
  AutoInsetter: 0b90ca74e36561c340129045a3722c51a0b15c58
  Boomerang: e264ee8ce86ab0d73f06cdb67c259422d3e355a4
  Differentiator: 886080237d9f87f322641dedbc5be257061b0602
  Gloss: 2dbf87af0e4dd24753f7de933356ff6c5c012426
  Hero: b7385b75e7259da62f4f85462f59a5082d66b058
  KeychainAccess: 445e28864fe6d3458b41fa211bcdc39890e8bd5a
  Moya: 2c16c3fe92eda302070213452281b59198f946d8
  Nimble: 18d5360282923225d62b09d781f63abc1a0111fc
  Pageboy: 3794c578aae5fcce06e90b3ed4a0ad6b807d75bb
  PluginLayout: 9018e1c08cec1efe49ad659a9f3887b65b360f05
  pop: d582054913807fd11fd50bfe6a539d91c7e1a55a
  Quick: 7fb19e13be07b5dfb3b90d4f9824c855a11af40e
  RxBlocking: c5e090f42d046df8b0e7752742510f349963710f
  RxCocoa: e741b9749968e8a143e2b787f1dfbff2b63d0a5c
  RxDataSources: efee07fa4de48477eca0a4611e6d11e2da9c1114
  RxGesture: a3f8dd6adf078110ed5e1c9c30d09d705a09852e
  RxRelay: 89d54507f4fd4d969e6ec1d4bd7f3673640b4640
  RxSwift: e2dc62b366a3adf6a0be44ba9f405efd4c94e0c4
  SkeletonView: bb27c39857e5492136f02ee8a3aa78de55d12ecd
  SnapKit: 97b92857e3df3a0c71833cce143274bf6ef8e5eb
  SwiftLint: c078a14d7d7ade75e5507795d185e3da41d844d2
  SwiftRichString: 2aea7d0761f77f6ef234f6028cde761d7eef40e6
  Tabman: 63eae331ae7a9388ae389b1808f1939269fcdece

PODFILE CHECKSUM: fbe0da6f9eda6f9df39d4ea3a88cee06adc7b5e3

COCOAPODS: 1.7.5
